
Microsoft Visual Studio Solution File, Format Version 12.00
# Visual Studio Version 16
VisualStudioVersion = 16.0.30320.27
MinimumVisualStudioVersion = 10.0.40219.1
Project("{FAE04EC0-301F-11D3-BF4B-00C04F79EFBC}") = "Calculator_Framework", "Calculator_Framework.csproj", "{59747986-EDF8-4B54-98A1-1DB3DCEA17DD}"
EndProject
Global
	GlobalSection(SolutionConfigurationPlatforms) = preSolution
		Debug|Any CPU = Debug|Any CPU
		Release|Any CPU = Release|Any CPU
	EndGlobalSection
	GlobalSection(ProjectConfigurationPlatforms) = postSolution
		{59747986-EDF8-4B54-98A1-1DB3DCEA17DD}.Debug|Any CPU.ActiveCfg = Debug|Any CPU
		{59747986-EDF8-4B54-98A1-1DB3DCEA17DD}.Debug|Any CPU.Build.0 = Debug|Any CPU
		{59747986-EDF8-4B54-98A1-1DB3DCEA17DD}.Release|Any CPU.ActiveCfg = Release|Any CPU
		{59747986-EDF8-4B54-98A1-1DB3DCEA17DD}.Release|Any CPU.Build.0 = Release|Any CPU
	EndGlobalSection
	GlobalSection(SolutionProperties) = preSolution
		HideSolutionNode = FALSE
	EndGlobalSection
	GlobalSection(ExtensibilityGlobals) = postSolution
		SolutionGuid = {BD22ED01-6EC2-4A74-8056-0E7E7C2A8A43}
	EndGlobalSection
EndGlobal
