
Microsoft Visual Studio Solution File, Format Version 12.00
# Visual Studio Version 16
VisualStudioVersion = 16.0.30320.27
MinimumVisualStudioVersion = 10.0.40219.1
Project("{FAE04EC0-301F-11D3-BF4B-00C04F79EFBC}") = "Alarm", "Alarm.csproj", "{BA884C3B-654D-4AA1-B90F-8AD4AFBA0A7B}"
EndProject
Global
	GlobalSection(SolutionConfigurationPlatforms) = preSolution
		Debug|Any CPU = Debug|Any CPU
		Release|Any CPU = Release|Any CPU
	EndGlobalSection
	GlobalSection(ProjectConfigurationPlatforms) = postSolution
		{BA884C3B-654D-4AA1-B90F-8AD4AFBA0A7B}.Debug|Any CPU.ActiveCfg = Debug|Any CPU
		{BA884C3B-654D-4AA1-B90F-8AD4AFBA0A7B}.Debug|Any CPU.Build.0 = Debug|Any CPU
		{BA884C3B-654D-4AA1-B90F-8AD4AFBA0A7B}.Release|Any CPU.ActiveCfg = Release|Any CPU
		{BA884C3B-654D-4AA1-B90F-8AD4AFBA0A7B}.Release|Any CPU.Build.0 = Release|Any CPU
	EndGlobalSection
	GlobalSection(SolutionProperties) = preSolution
		HideSolutionNode = FALSE
	EndGlobalSection
	GlobalSection(ExtensibilityGlobals) = postSolution
		SolutionGuid = {139B07C0-CFDA-4A83-BED5-BCCC7D80AC89}
	EndGlobalSection
EndGlobal
